
Microsoft Visual Studio Solution File, Format Version 12.00
# Visual Studio Version 17
VisualStudioVersion = 17.5.33530.505
MinimumVisualStudioVersion = 10.0.40219.1
Project("{9A19103F-16F7-4668-BE54-9A1E7A4F7556}") = "PerfectXL.Rubberduck", "PerfectXL.Rubberduck\PerfectXL.Rubberduck.csproj", "{1A7F993A-A2A1-45AD-B691-C02219D5E40B}"
EndProject
Project("{9A19103F-16F7-4668-BE54-9A1E7A4F7556}") = "Rubberduck.InternalApi", "Rubberduck.InternalApi\Rubberduck.InternalApi.csproj", "{56F55A35-1EA7-4988-9E88-0563A6DFB9F7}"
EndProject
Project("{9A19103F-16F7-4668-BE54-9A1E7A4F7556}") = "Rubberduck.VBEEditor", "Rubberduck.VBEEditor\Rubberduck.VBEEditor.csproj", "{2217776C-289D-4EB5-A293-3B57277C9A62}"
EndProject
Project("{9A19103F-16F7-4668-BE54-9A1E7A4F7556}") = "Rubberduck.Resources", "Rubberduck.Resources\Rubberduck.Resources.csproj", "{0B831151-F645-4FD2-B726-EADCFE93B429}"
EndProject
Project("{9A19103F-16F7-4668-BE54-9A1E7A4F7556}") = "Rubberduck.SettingsProvider", "Rubberduck.SettingsProvider\Rubberduck.SettingsProvider.csproj", "{D7F07523-669B-470D-BD54-3A6022588ACB}"
EndProject
Project("{9A19103F-16F7-4668-BE54-9A1E7A4F7556}") = "Rubberduck.Parsing", "Rubberduck.Parsing\Rubberduck.Parsing.csproj", "{AF6AB457-EB3B-4911-BB88-288B55E56B5B}"
EndProject
Global
	GlobalSection(SolutionConfigurationPlatforms) = preSolution
		Debug|Any CPU = Debug|Any CPU
		Release|Any CPU = Release|Any CPU
	EndGlobalSection
	GlobalSection(ProjectConfigurationPlatforms) = postSolution
		{1A7F993A-A2A1-45AD-B691-C02219D5E40B}.Debug|Any CPU.ActiveCfg = Debug|Any CPU
		{1A7F993A-A2A1-45AD-B691-C02219D5E40B}.Debug|Any CPU.Build.0 = Debug|Any CPU
		{1A7F993A-A2A1-45AD-B691-C02219D5E40B}.Release|Any CPU.ActiveCfg = Release|Any CPU
		{1A7F993A-A2A1-45AD-B691-C02219D5E40B}.Release|Any CPU.Build.0 = Release|Any CPU
		{56F55A35-1EA7-4988-9E88-0563A6DFB9F7}.Debug|Any CPU.ActiveCfg = Debug|Any CPU
		{56F55A35-1EA7-4988-9E88-0563A6DFB9F7}.Debug|Any CPU.Build.0 = Debug|Any CPU
		{56F55A35-1EA7-4988-9E88-0563A6DFB9F7}.Release|Any CPU.ActiveCfg = Release|Any CPU
		{56F55A35-1EA7-4988-9E88-0563A6DFB9F7}.Release|Any CPU.Build.0 = Release|Any CPU
		{2217776C-289D-4EB5-A293-3B57277C9A62}.Debug|Any CPU.ActiveCfg = Debug|Any CPU
		{2217776C-289D-4EB5-A293-3B57277C9A62}.Debug|Any CPU.Build.0 = Debug|Any CPU
		{2217776C-289D-4EB5-A293-3B57277C9A62}.Release|Any CPU.ActiveCfg = Release|Any CPU
		{2217776C-289D-4EB5-A293-3B57277C9A62}.Release|Any CPU.Build.0 = Release|Any CPU
		{0B831151-F645-4FD2-B726-EADCFE93B429}.Debug|Any CPU.ActiveCfg = Debug|Any CPU
		{0B831151-F645-4FD2-B726-EADCFE93B429}.Debug|Any CPU.Build.0 = Debug|Any CPU
		{0B831151-F645-4FD2-B726-EADCFE93B429}.Release|Any CPU.ActiveCfg = Release|Any CPU
		{0B831151-F645-4FD2-B726-EADCFE93B429}.Release|Any CPU.Build.0 = Release|Any CPU
		{D7F07523-669B-470D-BD54-3A6022588ACB}.Debug|Any CPU.ActiveCfg = Debug|Any CPU
		{D7F07523-669B-470D-BD54-3A6022588ACB}.Debug|Any CPU.Build.0 = Debug|Any CPU
		{D7F07523-669B-470D-BD54-3A6022588ACB}.Release|Any CPU.ActiveCfg = Release|Any CPU
		{D7F07523-669B-470D-BD54-3A6022588ACB}.Release|Any CPU.Build.0 = Release|Any CPU
		{AF6AB457-EB3B-4911-BB88-288B55E56B5B}.Debug|Any CPU.ActiveCfg = Debug|Any CPU
		{AF6AB457-EB3B-4911-BB88-288B55E56B5B}.Debug|Any CPU.Build.0 = Debug|Any CPU
		{AF6AB457-EB3B-4911-BB88-288B55E56B5B}.Release|Any CPU.ActiveCfg = Release|Any CPU
		{AF6AB457-EB3B-4911-BB88-288B55E56B5B}.Release|Any CPU.Build.0 = Release|Any CPU
	EndGlobalSection
	GlobalSection(SolutionProperties) = preSolution
		HideSolutionNode = FALSE
	EndGlobalSection
	GlobalSection(ExtensibilityGlobals) = postSolution
		SolutionGuid = {C8C49993-469E-4E8C-BAFE-851C9D1F6AB5}
	EndGlobalSection
EndGlobal
